
Microsoft Visual Studio Solution File, Format Version 12.00
# Visual Studio Version 17
VisualStudioVersion = 17.7.34018.315
MinimumVisualStudioVersion = 10.0.40219.1
Project("{8BC9CEB8-8B4A-11D0-8D11-00A0C91BC942}") = "ggr", "ggr\ggr.vcxproj", "{FEF3BB18-12F2-45E0-93FD-F34DBD0FFCB8}"
EndProject
Project("{888888A0-9F3D-457C-B088-3A5042F75D52}") = "dataSearch", "dataSearch\dataSearch.pyproj", "{E4D0544B-5FE4-41B5-96AE-3E49DF74F052}"
EndProject
Global
	GlobalSection(SolutionConfigurationPlatforms) = preSolution
		Debug|Any CPU = Debug|Any CPU
		Debug|x64 = Debug|x64
		Debug|x86 = Debug|x86
		Release|Any CPU = Release|Any CPU
		Release|x64 = Release|x64
		Release|x86 = Release|x86
	EndGlobalSection
	GlobalSection(ProjectConfigurationPlatforms) = postSolution
		{FEF3BB18-12F2-45E0-93FD-F34DBD0FFCB8}.Debug|Any CPU.ActiveCfg = Debug|x64
		{FEF3BB18-12F2-45E0-93FD-F34DBD0FFCB8}.Debug|Any CPU.Build.0 = Debug|x64
		{FEF3BB18-12F2-45E0-93FD-F34DBD0FFCB8}.Debug|x64.ActiveCfg = Debug|x64
		{FEF3BB18-12F2-45E0-93FD-F34DBD0FFCB8}.Debug|x64.Build.0 = Debug|x64
		{FEF3BB18-12F2-45E0-93FD-F34DBD0FFCB8}.Debug|x86.ActiveCfg = Debug|Win32
		{FEF3BB18-12F2-45E0-93FD-F34DBD0FFCB8}.Debug|x86.Build.0 = Debug|Win32
		{FEF3BB18-12F2-45E0-93FD-F34DBD0FFCB8}.Release|Any CPU.ActiveCfg = Release|x64
		{FEF3BB18-12F2-45E0-93FD-F34DBD0FFCB8}.Release|Any CPU.Build.0 = Release|x64
		{FEF3BB18-12F2-45E0-93FD-F34DBD0FFCB8}.Release|x64.ActiveCfg = Release|x64
		{FEF3BB18-12F2-45E0-93FD-F34DBD0FFCB8}.Release|x64.Build.0 = Release|x64
		{FEF3BB18-12F2-45E0-93FD-F34DBD0FFCB8}.Release|x86.ActiveCfg = Release|Win32
		{FEF3BB18-12F2-45E0-93FD-F34DBD0FFCB8}.Release|x86.Build.0 = Release|Win32
		{E4D0544B-5FE4-41B5-96AE-3E49DF74F052}.Debug|Any CPU.ActiveCfg = Debug|Any CPU
		{E4D0544B-5FE4-41B5-96AE-3E49DF74F052}.Debug|x64.ActiveCfg = Debug|Any CPU
		{E4D0544B-5FE4-41B5-96AE-3E49DF74F052}.Debug|x86.ActiveCfg = Debug|Any CPU
		{E4D0544B-5FE4-41B5-96AE-3E49DF74F052}.Release|Any CPU.ActiveCfg = Release|Any CPU
		{E4D0544B-5FE4-41B5-96AE-3E49DF74F052}.Release|x64.ActiveCfg = Release|Any CPU
		{E4D0544B-5FE4-41B5-96AE-3E49DF74F052}.Release|x86.ActiveCfg = Release|Any CPU
	EndGlobalSection
	GlobalSection(SolutionProperties) = preSolution
		HideSolutionNode = FALSE
	EndGlobalSection
	GlobalSection(ExtensibilityGlobals) = postSolution
		SolutionGuid = {9FB07859-43E0-4DC8-AC5D-5110CC453C47}
	EndGlobalSection
EndGlobal
